
Microsoft Visual Studio Solution File, Format Version 12.00
# Visual Studio Version 16
VisualStudioVersion = 16.0.31702.278
MinimumVisualStudioVersion = 10.0.40219.1
Project("{FAE04EC0-301F-11D3-BF4B-00C04F79EFBC}") = "quiz_api", "quiz_api\quiz_api.csproj", "{4ECF052F-4C13-4FCD-A445-E660F72832A0}"
EndProject
Global
	GlobalSection(SolutionConfigurationPlatforms) = preSolution
		Debug|Any CPU = Debug|Any CPU
		Release|Any CPU = Release|Any CPU
	EndGlobalSection
	GlobalSection(ProjectConfigurationPlatforms) = postSolution
		{4ECF052F-4C13-4FCD-A445-E660F72832A0}.Debug|Any CPU.ActiveCfg = Debug|Any CPU
		{4ECF052F-4C13-4FCD-A445-E660F72832A0}.Debug|Any CPU.Build.0 = Debug|Any CPU
		{4ECF052F-4C13-4FCD-A445-E660F72832A0}.Release|Any CPU.ActiveCfg = Release|Any CPU
		{4ECF052F-4C13-4FCD-A445-E660F72832A0}.Release|Any CPU.Build.0 = Release|Any CPU
	EndGlobalSection
	GlobalSection(SolutionProperties) = preSolution
		HideSolutionNode = FALSE
	EndGlobalSection
	GlobalSection(ExtensibilityGlobals) = postSolution
		SolutionGuid = {3FDCD08C-1B5F-4281-A353-8C245A34C4B4}
	EndGlobalSection
EndGlobal
